
Microsoft Visual Studio Solution File, Format Version 12.00
# Visual Studio Version 16
VisualStudioVersion = 16.0.30621.155
MinimumVisualStudioVersion = 10.0.40219.1
Project("{FAE04EC0-301F-11D3-BF4B-00C04F79EFBC}") = "LabPIDSoftware", "Software\LabPIDSoftware.csproj", "{54D943D3-815C-4590-A0D7-AAC3660121D4}"
EndProject
Project("{FAE04EC0-301F-11D3-BF4B-00C04F79EFBC}") = "LabPIDv2", "Software-NETCore\LabPIDv2\LabPIDv2.csproj", "{98B2CCD0-4077-43C1-9B00-569A4DEA72F0}"
EndProject
Global
	GlobalSection(SolutionConfigurationPlatforms) = preSolution
		Debug|Any CPU = Debug|Any CPU
		Debug|x86 = Debug|x86
		Release|Any CPU = Release|Any CPU
		Release|x86 = Release|x86
	EndGlobalSection
	GlobalSection(ProjectConfigurationPlatforms) = postSolution
		{54D943D3-815C-4590-A0D7-AAC3660121D4}.Debug|Any CPU.ActiveCfg = Debug|Any CPU
		{54D943D3-815C-4590-A0D7-AAC3660121D4}.Debug|Any CPU.Build.0 = Debug|Any CPU
		{54D943D3-815C-4590-A0D7-AAC3660121D4}.Debug|x86.ActiveCfg = Debug|Any CPU
		{54D943D3-815C-4590-A0D7-AAC3660121D4}.Debug|x86.Build.0 = Debug|Any CPU
		{54D943D3-815C-4590-A0D7-AAC3660121D4}.Release|Any CPU.ActiveCfg = Release|Any CPU
		{54D943D3-815C-4590-A0D7-AAC3660121D4}.Release|Any CPU.Build.0 = Release|Any CPU
		{54D943D3-815C-4590-A0D7-AAC3660121D4}.Release|x86.ActiveCfg = Release|Any CPU
		{54D943D3-815C-4590-A0D7-AAC3660121D4}.Release|x86.Build.0 = Release|Any CPU
		{98B2CCD0-4077-43C1-9B00-569A4DEA72F0}.Debug|Any CPU.ActiveCfg = Debug|Any CPU
		{98B2CCD0-4077-43C1-9B00-569A4DEA72F0}.Debug|Any CPU.Build.0 = Debug|Any CPU
		{98B2CCD0-4077-43C1-9B00-569A4DEA72F0}.Debug|x86.ActiveCfg = Debug|Any CPU
		{98B2CCD0-4077-43C1-9B00-569A4DEA72F0}.Debug|x86.Build.0 = Debug|Any CPU
		{98B2CCD0-4077-43C1-9B00-569A4DEA72F0}.Release|Any CPU.ActiveCfg = Release|Any CPU
		{98B2CCD0-4077-43C1-9B00-569A4DEA72F0}.Release|Any CPU.Build.0 = Release|Any CPU
		{98B2CCD0-4077-43C1-9B00-569A4DEA72F0}.Release|x86.ActiveCfg = Release|Any CPU
		{98B2CCD0-4077-43C1-9B00-569A4DEA72F0}.Release|x86.Build.0 = Release|Any CPU
	EndGlobalSection
	GlobalSection(SolutionProperties) = preSolution
		HideSolutionNode = FALSE
	EndGlobalSection
	GlobalSection(ExtensibilityGlobals) = postSolution
		SolutionGuid = {83404B0F-7895-4CB8-916C-B6AD7E7AE4CD}
	EndGlobalSection
EndGlobal
